
Microsoft Visual Studio Solution File, Format Version 12.00
Project("{FAE04EC0-301F-11D3-BF4B-00C04F79EFBC}") = "OptimizedPlay", "OptimizedPlay\OptimizedPlay.csproj", "{E6EB42A4-F14F-4E8C-9378-7756D7273ECA}"
EndProject
Global
	GlobalSection(SolutionConfigurationPlatforms) = preSolution
		Debug|Any CPU = Debug|Any CPU
		Release|Any CPU = Release|Any CPU
	EndGlobalSection
	GlobalSection(ProjectConfigurationPlatforms) = postSolution
		{E6EB42A4-F14F-4E8C-9378-7756D7273ECA}.Debug|Any CPU.ActiveCfg = Debug|Any CPU
		{E6EB42A4-F14F-4E8C-9378-7756D7273ECA}.Debug|Any CPU.Build.0 = Debug|Any CPU
		{E6EB42A4-F14F-4E8C-9378-7756D7273ECA}.Release|Any CPU.ActiveCfg = Release|Any CPU
		{E6EB42A4-F14F-4E8C-9378-7756D7273ECA}.Release|Any CPU.Build.0 = Release|Any CPU
	EndGlobalSection
EndGlobal
